
Microsoft Visual Studio Solution File, Format Version 12.00
# Visual Studio Version 17
VisualStudioVersion = 17.14.36623.8 d17.14
MinimumVisualStudioVersion = 10.0.40219.1
Project("{00D1A9C2-B5F0-4AF3-8072-F6C62B433612}") = "dogecoiner-db", "dogecoiner-db\dogecoiner-db.sqlproj", "{4D6DADF1-20F9-4015-9D74-2907EE2C5217}"
EndProject
Global
	GlobalSection(SolutionConfigurationPlatforms) = preSolution
		Debug|Any CPU = Debug|Any CPU
		Release|Any CPU = Release|Any CPU
	EndGlobalSection
	GlobalSection(ProjectConfigurationPlatforms) = postSolution
		{4D6DADF1-20F9-4015-9D74-2907EE2C5217}.Debug|Any CPU.ActiveCfg = Debug|Any CPU
		{4D6DADF1-20F9-4015-9D74-2907EE2C5217}.Debug|Any CPU.Build.0 = Debug|Any CPU
		{4D6DADF1-20F9-4015-9D74-2907EE2C5217}.Debug|Any CPU.Deploy.0 = Debug|Any CPU
		{4D6DADF1-20F9-4015-9D74-2907EE2C5217}.Release|Any CPU.ActiveCfg = Release|Any CPU
		{4D6DADF1-20F9-4015-9D74-2907EE2C5217}.Release|Any CPU.Build.0 = Release|Any CPU
		{4D6DADF1-20F9-4015-9D74-2907EE2C5217}.Release|Any CPU.Deploy.0 = Release|Any CPU
	EndGlobalSection
	GlobalSection(SolutionProperties) = preSolution
		HideSolutionNode = FALSE
	EndGlobalSection
	GlobalSection(ExtensibilityGlobals) = postSolution
		SolutionGuid = {CD46E9F6-0ADD-4D0F-B0A5-225391D735B9}
	EndGlobalSection
EndGlobal
